// !$*UTF8*$!
{
	archiveVersion = 1;
	classes = {
	};
	objectVersion = 55;
	objects = {

/* Begin PBXBuildFile section */
		5186799B288B92A80099E12B /* EmojiView.swift in Sources */ = {isa = PBXBuildFile; fileRef = 5186799A288B92A80099E12B /* EmojiView.swift */; };
		5186799F288B95F30099E12B /* EmojiBouncyView.swift in Sources */ = {isa = PBXBuildFile; fileRef = 5186799E288B95F30099E12B /* EmojiBouncyView.swift */; };
		518679A1288B987D0099E12B /* CollisionSurface.swift in Sources */ = {isa = PBXBuildFile; fileRef = 518679A0288B987D0099E12B /* CollisionSurface.swift */; };
		A9C70681288B9AA7001D2C10 /* BouncyView.swift in Sources */ = {isa = PBXBuildFile; fileRef = A9C70680288B9AA7001D2C10 /* BouncyView.swift */; };
		D927F9F1288B8729007A2753 /* Emoji_PartyApp.swift in Sources */ = {isa = PBXBuildFile; fileRef = D927F9F0288B8729007A2753 /* Emoji_PartyApp.swift */; };
		D927F9F3288B8729007A2753 /* ContentView.swift in Sources */ = {isa = PBXBuildFile; fileRef = D927F9F2288B8729007A2753 /* ContentView.swift */; };
		D927F9F5288B872B007A2753 /* Assets.xcassets in Resources */ = {isa = PBXBuildFile; fileRef = D927F9F4288B872B007A2753 /* Assets.xcassets */; };
		D927F9F8288B872B007A2753 /* Preview Assets.xcassets in Resources */ = {isa = PBXBuildFile; fileRef = D927F9F7288B872B007A2753 /* Preview Assets.xcassets */; };
		D927F9FF288B8773007A2753 /* EmojiSet.swift in Sources */ = {isa = PBXBuildFile; fileRef = D927F9FE288B8773007A2753 /* EmojiSet.swift */; };
/* End PBXBuildFile section */

/* Begin PBXFileReference section */
		5186799A288B92A80099E12B /* EmojiView.swift */ = {isa = PBXFileReference; lastKnownFileType = sourcecode.swift; path = EmojiView.swift; sourceTree = "<group>"; };
		5186799E288B95F30099E12B /* EmojiBouncyView.swift */ = {isa = PBXFileReference; lastKnownFileType = sourcecode.swift; path = EmojiBouncyView.swift; sourceTree = "<group>"; };
		518679A0288B987D0099E12B /* CollisionSurface.swift */ = {isa = PBXFileReference; lastKnownFileType = sourcecode.swift; path = CollisionSurface.swift; sourceTree = "<group>"; };
		A9C70680288B9AA7001D2C10 /* BouncyView.swift */ = {isa = PBXFileReference; lastKnownFileType = sourcecode.swift; path = BouncyView.swift; sourceTree = "<group>"; };
		D927F9ED288B8729007A2753 /* Emoji Party.app */ = {isa = PBXFileReference; explicitFileType = wrapper.application; includeInIndex = 0; path = "Emoji Party.app"; sourceTree = BUILT_PRODUCTS_DIR; };
		D927F9F0288B8729007A2753 /* Emoji_PartyApp.swift */ = {isa = PBXFileReference; lastKnownFileType = sourcecode.swift; path = Emoji_PartyApp.swift; sourceTree = "<group>"; };
		D927F9F2288B8729007A2753 /* ContentView.swift */ = {isa = PBXFileReference; lastKnownFileType = sourcecode.swift; path = ContentView.swift; sourceTree = "<group>"; };
		D927F9F4288B872B007A2753 /* Assets.xcassets */ = {isa = PBXFileReference; lastKnownFileType = folder.assetcatalog; path = Assets.xcassets; sourceTree = "<group>"; };
		D927F9F7288B872B007A2753 /* Preview Assets.xcassets */ = {isa = PBXFileReference; lastKnownFileType = folder.assetcatalog; path = "Preview Assets.xcassets"; sourceTree = "<group>"; };
		D927F9FE288B8773007A2753 /* EmojiSet.swift */ = {isa = PBXFileReference; lastKnownFileType = sourcecode.swift; path = EmojiSet.swift; sourceTree = "<group>"; };
/* End PBXFileReference section */

/* Begin PBXFrameworksBuildPhase section */
		D927F9EA288B8729007A2753 /* Frameworks */ = {
			isa = PBXFrameworksBuildPhase;
			buildActionMask = 2147483647;
			files = (
			);
			runOnlyForDeploymentPostprocessing = 0;
		};
/* End PBXFrameworksBuildPhase section */

/* Begin PBXGroup section */
		D927F9E4288B8729007A2753 = {
			isa = PBXGroup;
			children = (
				D927F9FE288B8773007A2753 /* EmojiSet.swift */,
				D927F9EF288B8729007A2753 /* Emoji Party */,
				D927F9EE288B8729007A2753 /* Products */,
			);
			sourceTree = "<group>";
		};
		D927F9EE288B8729007A2753 /* Products */ = {
			isa = PBXGroup;
			children = (
				D927F9ED288B8729007A2753 /* Emoji Party.app */,
			);
			name = Products;
			sourceTree = "<group>";
		};
		D927F9EF288B8729007A2753 /* Emoji Party */ = {
			isa = PBXGroup;
			children = (
				D927F9F0288B8729007A2753 /* Emoji_PartyApp.swift */,
				D927F9F2288B8729007A2753 /* ContentView.swift */,
				5186799E288B95F30099E12B /* EmojiBouncyView.swift */,
				518679A0288B987D0099E12B /* CollisionSurface.swift */,
				5186799A288B92A80099E12B /* EmojiView.swift */,
				A9C70680288B9AA7001D2C10 /* BouncyView.swift */,
				D927F9F4288B872B007A2753 /* Assets.xcassets */,
				D927F9F6288B872B007A2753 /* Preview Content */,
			);
			path = "Emoji Party";
			sourceTree = "<group>";
		};
		D927F9F6288B872B007A2753 /* Preview Content */ = {
			isa = PBXGroup;
			children = (
				D927F9F7288B872B007A2753 /* Preview Assets.xcassets */,
			);
			path = "Preview Content";
			sourceTree = "<group>";
		};
/* End PBXGroup section */

/* Begin PBXNativeTarget section */
		D927F9EC288B8729007A2753 /* Emoji Party */ = {
			isa = PBXNativeTarget;
			buildConfigurationList = D927F9FB288B872B007A2753 /* Build configuration list for PBXNativeTarget "Emoji Party" */;
			buildPhases = (
				D927F9E9288B8729007A2753 /* Sources */,
				D927F9EA288B8729007A2753 /* Frameworks */,
				D927F9EB288B8729007A2753 /* Resources */,
			);
			buildRules = (
			);
			dependencies = (
			);
			name = "Emoji Party";
			productName = "Emoji Party";
			productReference = D927F9ED288B8729007A2753 /* Emoji Party.app */;
			productType = "com.apple.product-type.application";
		};
/* End PBXNativeTarget section */

/* Begin PBXProject section */
		D927F9E5288B8729007A2753 /* Project object */ = {
			isa = PBXProject;
			attributes = {
				BuildIndependentTargetsInParallel = 1;
				LastSwiftUpdateCheck = 1330;
				LastUpgradeCheck = 1330;
				TargetAttributes = {
					D927F9EC288B8729007A2753 = {
						CreatedOnToolsVersion = 13.3;
					};
				};
			};
			buildConfigurationList = D927F9E8288B8729007A2753 /* Build configuration list for PBXProject "Emoji Party" */;
			compatibilityVersion = "Xcode 13.0";
			developmentRegion = en;
			hasScannedForEncodings = 0;
			knownRegions = (
				en,
				Base,
			);
			mainGroup = D927F9E4288B8729007A2753;
			productRefGroup = D927F9EE288B8729007A2753 /* Products */;
			projectDirPath = "";
			projectRoot = "";
			targets = (
				D927F9EC288B8729007A2753 /* Emoji Party */,
			);
		};
/* End PBXProject section */

/* Begin PBXResourcesBuildPhase section */
		D927F9EB288B8729007A2753 /* Resources */ = {
			isa = PBXResourcesBuildPhase;
			buildActionMask = 2147483647;
			files = (
				D927F9F8288B872B007A2753 /* Preview Assets.xcassets in Resources */,
				D927F9F5288B872B007A2753 /* Assets.xcassets in Resources */,
			);
			runOnlyForDeploymentPostprocessing = 0;
		};
/* End PBXResourcesBuildPhase section */

/* Begin PBXSourcesBuildPhase section */
		D927F9E9288B8729007A2753 /* Sources */ = {
			isa = PBXSourcesBuildPhase;
			buildActionMask = 2147483647;
			files = (
				518679A1288B987D0099E12B /* CollisionSurface.swift in Sources */,
				5186799F288B95F30099E12B /* EmojiBouncyView.swift in Sources */,
				D927F9FF288B8773007A2753 /* EmojiSet.swift in Sources */,
				5186799B288B92A80099E12B /* EmojiView.swift in Sources */,
				A9C70681288B9AA7001D2C10 /* BouncyView.swift in Sources */,
				D927F9F3288B8729007A2753 /* ContentView.swift in Sources */,
				D927F9F1288B8729007A2753 /* Emoji_PartyApp.swift in Sources */,
			);
			runOnlyForDeploymentPostprocessing = 0;
		};
/* End PBXSourcesBuildPhase section */

/* Begin XCBuildConfiguration section */
		D927F9F9288B872B007A2753 /* Debug */ = {
			isa = XCBuildConfiguration;
			buildSettings = {
				ALWAYS_SEARCH_USER_PATHS = NO;
				CLANG_ANALYZER_NONNULL = YES;
				CLANG_ANALYZER_NUMBER_OBJECT_CONVERSION = YES_AGGRESSIVE;
				CLANG_CXX_LANGUAGE_STANDARD = "gnu++17";
				CLANG_ENABLE_MODULES = YES;
				CLANG_ENABLE_OBJC_ARC = YES;
				CLANG_ENABLE_OBJC_WEAK = YES;
				CLANG_WARN_BLOCK_CAPTURE_AUTORELEASING = YES;
				CLANG_WARN_BOOL_CONVERSION = YES;
				CLANG_WARN_COMMA = YES;
				CLANG_WARN_CONSTANT_CONVERSION = YES;
				CLANG_WARN_DEPRECATED_OBJC_IMPLEMENTATIONS = YES;
				CLANG_WARN_DIRECT_OBJC_ISA_USAGE = YES_ERROR;
				CLANG_WARN_DOCUMENTATION_COMMENTS = YES;
				CLANG_WARN_EMPTY_BODY = YES;
				CLANG_WARN_ENUM_CONVERSION = YES;
				CLANG_WARN_INFINITE_RECURSION = YES;
				CLANG_WARN_INT_CONVERSION = YES;
				CLANG_WARN_NON_LITERAL_NULL_CONVERSION = YES;
				CLANG_WARN_OBJC_IMPLICIT_RETAIN_SELF = YES;
				CLANG_WARN_OBJC_LITERAL_CONVERSION = YES;
				CLANG_WARN_OBJC_ROOT_CLASS = YES_ERROR;
				CLANG_WARN_QUOTED_INCLUDE_IN_FRAMEWORK_HEADER = YES;
				CLANG_WARN_RANGE_LOOP_ANALYSIS = YES;
				CLANG_WARN_STRICT_PROTOTYPES = YES;
				CLANG_WARN_SUSPICIOUS_MOVE = YES;
				CLANG_WARN_UNGUARDED_AVAILABILITY = YES_AGGRESSIVE;
				CLANG_WARN_UNREACHABLE_CODE = YES;
				CLANG_WARN__DUPLICATE_METHOD_MATCH = YES;
				COPY_PHASE_STRIP = NO;
				DEBUG_INFORMATION_FORMAT = dwarf;
				ENABLE_STRICT_OBJC_MSGSEND = YES;
				ENABLE_TESTABILITY = YES;
				GCC_C_LANGUAGE_STANDARD = gnu11;
				GCC_DYNAMIC_NO_PIC = NO;
				GCC_NO_COMMON_BLOCKS = YES;
				GCC_OPTIMIZATION_LEVEL = 0;
				GCC_PREPROCESSOR_DEFINITIONS = (
					"DEBUG=1",
					"$(inherited)",
				);
				GCC_WARN_64_TO_32_BIT_CONVERSION = YES;
				GCC_WARN_ABOUT_RETURN_TYPE = YES_ERROR;
				GCC_WARN_UNDECLARED_SELECTOR = YES;
				GCC_WARN_UNINITIALIZED_AUTOS = YES_AGGRESSIVE;
				GCC_WARN_UNUSED_FUNCTION = YES;
				GCC_WARN_UNUSED_VARIABLE = YES;
				IPHONEOS_DEPLOYMENT_TARGET = 15.4;
				MTL_ENABLE_DEBUG_INFO = INCLUDE_SOURCE;
				MTL_FAST_MATH = YES;
				ONLY_ACTIVE_ARCH = YES;
				SDKROOT = iphoneos;
				SWIFT_ACTIVE_COMPILATION_CONDITIONS = DEBUG;
				SWIFT_OPTIMIZATION_LEVEL = "-Onone";
			};
			name = Debug;
		};
		D927F9FA288B872B007A2753 /* Release */ = {
			isa = XCBuildConfiguration;
			buildSettings = {
				ALWAYS_SEARCH_USER_PATHS = NO;
				CLANG_ANALYZER_NONNULL = YES;
				CLANG_ANALYZER_NUMBER_OBJECT_CONVERSION = YES_AGGRESSIVE;
				CLANG_CXX_LANGUAGE_STANDARD = "gnu++17";
				CLANG_ENABLE_MODULES = YES;
				CLANG_ENABLE_OBJC_ARC = YES;
				CLANG_ENABLE_OBJC_WEAK = YES;
				CLANG_WARN_BLOCK_CAPTURE_AUTORELEASING = YES;
				CLANG_WARN_BOOL_CONVERSION = YES;
				CLANG_WARN_COMMA = YES;
				CLANG_WARN_CONSTANT_CONVERSION = YES;
				CLANG_WARN_DEPRECATED_OBJC_IMPLEMENTATIONS = YES;
				CLANG_WARN_DIRECT_OBJC_ISA_USAGE = YES_ERROR;
				CLANG_WARN_DOCUMENTATION_COMMENTS = YES;
				CLANG_WARN_EMPTY_BODY = YES;
				CLANG_WARN_ENUM_CONVERSION = YES;
				CLANG_WARN_INFINITE_RECURSION = YES;
				CLANG_WARN_INT_CONVERSION = YES;
				CLANG_WARN_NON_LITERAL_NULL_CONVERSION = YES;
				CLANG_WARN_OBJC_IMPLICIT_RETAIN_SELF = YES;
				CLANG_WARN_OBJC_LITERAL_CONVERSION = YES;
				CLANG_WARN_OBJC_ROOT_CLASS = YES_ERROR;
				CLANG_WARN_QUOTED_INCLUDE_IN_FRAMEWORK_HEADER = YES;
				CLANG_WARN_RANGE_LOOP_ANALYSIS = YES;
				CLANG_WARN_STRICT_PROTOTYPES = YES;
				CLANG_WARN_SUSPICIOUS_MOVE = YES;
				CLANG_WARN_UNGUARDED_AVAILABILITY = YES_AGGRESSIVE;
				CLANG_WARN_UNREACHABLE_CODE = YES;
				CLANG_WARN__DUPLICATE_METHOD_MATCH = YES;
				COPY_PHASE_STRIP = NO;
				DEBUG_INFORMATION_FORMAT = "dwarf-with-dsym";
				ENABLE_NS_ASSERTIONS = NO;
				ENABLE_STRICT_OBJC_MSGSEND = YES;
				GCC_C_LANGUAGE_STANDARD = gnu11;
				GCC_NO_COMMON_BLOCKS = YES;
				GCC_WARN_64_TO_32_BIT_CONVERSION = YES;
				GCC_WARN_ABOUT_RETURN_TYPE = YES_ERROR;
				GCC_WARN_UNDECLARED_SELECTOR = YES;
				GCC_WARN_UNINITIALIZED_AUTOS = YES_AGGRESSIVE;
				GCC_WARN_UNUSED_FUNCTION = YES;
				GCC_WARN_UNUSED_VARIABLE = YES;
				IPHONEOS_DEPLOYMENT_TARGET = 15.4;
				MTL_ENABLE_DEBUG_INFO = NO;
				MTL_FAST_MATH = YES;
				SDKROOT = iphoneos;
				SWIFT_COMPILATION_MODE = wholemodule;
				SWIFT_OPTIMIZATION_LEVEL = "-O";
				VALIDATE_PRODUCT = YES;
			};
			name = Release;
		};
		D927F9FC288B872B007A2753 /* Debug */ = {
			isa = XCBuildConfiguration;
			buildSettings = {
				ASSETCATALOG_COMPILER_APPICON_NAME = AppIcon;
				ASSETCATALOG_COMPILER_GLOBAL_ACCENT_COLOR_NAME = AccentColor;
				CODE_SIGN_STYLE = Automatic;
				CURRENT_PROJECT_VERSION = 1;
				DEVELOPMENT_ASSET_PATHS = "\"Emoji Party/Preview Content\"";
				ENABLE_PREVIEWS = YES;
				GENERATE_INFOPLIST_FILE = YES;
				INFOPLIST_KEY_UIApplicationSceneManifest_Generation = YES;
				INFOPLIST_KEY_UIApplicationSupportsIndirectInputEvents = YES;
				INFOPLIST_KEY_UILaunchScreen_Generation = YES;
				INFOPLIST_KEY_UISupportedInterfaceOrientations_iPad = "UIInterfaceOrientationPortrait UIInterfaceOrientationPortraitUpsideDown UIInterfaceOrientationLandscapeLeft UIInterfaceOrientationLandscapeRight";
				INFOPLIST_KEY_UISupportedInterfaceOrientations_iPhone = "UIInterfaceOrientationPortrait UIInterfaceOrientationLandscapeLeft UIInterfaceOrientationLandscapeRight";
				LD_RUNPATH_SEARCH_PATHS = (
					"$(inherited)",
					"@executable_path/Frameworks",
				);
				MARKETING_VERSION = 1.0;
				PRODUCT_BUNDLE_IDENTIFIER = "com.dishita.Emoji-Party";
				PRODUCT_NAME = "$(TARGET_NAME)";
				SWIFT_EMIT_LOC_STRINGS = YES;
				SWIFT_VERSION = 5.0;
				TARGETED_DEVICE_FAMILY = "1,2";
			};
			name = Debug;
		};
		D927F9FD288B872B007A2753 /* Release */ = {
			isa = XCBuildConfiguration;
			buildSettings = {
				ASSETCATALOG_COMPILER_APPICON_NAME = AppIcon;
				ASSETCATALOG_COMPILER_GLOBAL_ACCENT_COLOR_NAME = AccentColor;
				CODE_SIGN_STYLE = Automatic;
				CURRENT_PROJECT_VERSION = 1;
				DEVELOPMENT_ASSET_PATHS = "\"Emoji Party/Preview Content\"";
				ENABLE_PREVIEWS = YES;
				GENERATE_INFOPLIST_FILE = YES;
				INFOPLIST_KEY_UIApplicationSceneManifest_Generation = YES;
				INFOPLIST_KEY_UIApplicationSupportsIndirectInputEvents = YES;
				INFOPLIST_KEY_UILaunchScreen_Generation = YES;
				INFOPLIST_KEY_UISupportedInterfaceOrientations_iPad = "UIInterfaceOrientationPortrait UIInterfaceOrientationPortraitUpsideDown UIInterfaceOrientationLandscapeLeft UIInterfaceOrientationLandscapeRight";
				INFOPLIST_KEY_UISupportedInterfaceOrientations_iPhone = "UIInterfaceOrientationPortrait UIInterfaceOrientationLandscapeLeft UIInterfaceOrientationLandscapeRight";
				LD_RUNPATH_SEARCH_PATHS = (
					"$(inherited)",
					"@executable_path/Frameworks",
				);
				MARKETING_VERSION = 1.0;
				PRODUCT_BUNDLE_IDENTIFIER = "com.dishita.Emoji-Party";
				PRODUCT_NAME = "$(TARGET_NAME)";
				SWIFT_EMIT_LOC_STRINGS = YES;
				SWIFT_VERSION = 5.0;
				TARGETED_DEVICE_FAMILY = "1,2";
			};
			name = Release;
		};
/* End XCBuildConfiguration section */

/* Begin XCConfigurationList section */
		D927F9E8288B8729007A2753 /* Build configuration list for PBXProject "Emoji Party" */ = {
			isa = XCConfigurationList;
			buildConfigurations = (
				D927F9F9288B872B007A2753 /* Debug */,
				D927F9FA288B872B007A2753 /* Release */,
			);
			defaultConfigurationIsVisible = 0;
			defaultConfigurationName = Release;
		};
		D927F9FB288B872B007A2753 /* Build configuration list for PBXNativeTarget "Emoji Party" */ = {
			isa = XCConfigurationList;
			buildConfigurations = (
				D927F9FC288B872B007A2753 /* Debug */,
				D927F9FD288B872B007A2753 /* Release */,
			);
			defaultConfigurationIsVisible = 0;
			defaultConfigurationName = Release;
		};
/* End XCConfigurationList section */
	};
	rootObject = D927F9E5288B8729007A2753 /* Project object */;
}
